
Microsoft Visual Studio Solution File, Format Version 12.00
# Visual Studio Version 17
VisualStudioVersion = 17.4.33205.214
MinimumVisualStudioVersion = 10.0.40219.1
Project("{FAE04EC0-301F-11D3-BF4B-00C04F79EFBC}") = "TimeTracker", "Source\TimeTracker\TimeTracker.csproj", "{518A2C6E-7AF4-4805-87E5-3E71BCE9A222}"
EndProject
Global
	GlobalSection(SolutionConfigurationPlatforms) = preSolution
		Debug|Any CPU = Debug|Any CPU
		Release|Any CPU = Release|Any CPU
	EndGlobalSection
	GlobalSection(ProjectConfigurationPlatforms) = postSolution
		{518A2C6E-7AF4-4805-87E5-3E71BCE9A222}.Debug|Any CPU.ActiveCfg = Debug|Any CPU
		{518A2C6E-7AF4-4805-87E5-3E71BCE9A222}.Debug|Any CPU.Build.0 = Debug|Any CPU
		{518A2C6E-7AF4-4805-87E5-3E71BCE9A222}.Release|Any CPU.ActiveCfg = Release|Any CPU
		{518A2C6E-7AF4-4805-87E5-3E71BCE9A222}.Release|Any CPU.Build.0 = Release|Any CPU
	EndGlobalSection
	GlobalSection(SolutionProperties) = preSolution
		HideSolutionNode = FALSE
	EndGlobalSection
	GlobalSection(ExtensibilityGlobals) = postSolution
		SolutionGuid = {AB62CEA4-7BC0-44F6-83DF-75EF67FF2200}
	EndGlobalSection
EndGlobal
